{
  "name": "upfluence-oss",
  "version": "0.2.7",
  "lockfileVersion": 1,
  "requires": true,
  "dependencies": {
    "bootstrap": {
      "version": "https://registry.npmjs.org/bootstrap/-/bootstrap-3.3.7.tgz",
      "integrity": "sha1-WjiTlFSfIzMIdaOxUGVldPip63E="
    },
    "countdown.js": {
      "version": "git+ssh://git@github.com/gumroad/countdown.js.git#9ddcd60500d687841769df1b4be3d6e3e4422683",
      "integrity": "sha1-5FbaYQIZlVZ6ZaVXbq32JDQh26M="
    },
    "money-formatter": {
      "version": "https://registry.npmjs.org/money-formatter/-/money-formatter-0.1.4.tgz",
      "integrity": "sha1-qz9t9wLZNwRnGxLmT4Z/sTBPYC8="
    },
    "summernote": {
      "version": "https://registry.npmjs.org/summernote/-/summernote-0.8.8.tgz",
      "integrity": "sha1-MkT/lF5awWcFGdSwxBjkA0Ecrj4=",
      "requires": {
        "bootstrap": "https://registry.npmjs.org/bootstrap/-/bootstrap-3.3.7.tgz"
      }
    }
  }
}
